version: 6
environments:
  default:
    channels:
    - url: https://conda.anaconda.org/conda-forge/
    options:
      pypi-prerelease-mode: if-necessary-or-explicit
    packages:
      win-64:
      - conda: https://conda.anaconda.org/conda-forge/noarch/_python_abi3_support-1.0-hd8ed1ab_2.conda
      - conda: https://conda.anaconda.org/conda-forge/noarch/asttokens-3.0.1-pyhd8ed1ab_0.conda
      - conda: https://conda.anaconda.org/conda-forge/win-64/bzip2-1.0.8-h0ad9c76_9.conda
      - conda: https://conda.anaconda.org/conda-forge/noarch/ca-certificates-2026.2.25-h4c7d964_0.conda
      - conda: https://conda.anaconda.org/conda-forge/noarch/colorama-0.4.6-pyhd8ed1ab_1.conda
      - conda: https://conda.anaconda.org/conda-forge/noarch/comm-0.2.3-pyhe01879c_0.conda
      - conda: https://conda.anaconda.org/conda-forge/noarch/cpython-3.14.3-py314hd8ed1ab_101.conda
      - conda: https://conda.anaconda.org/conda-forge/win-64/debugpy-1.8.20-py314hb98de8c_0.conda
      - conda: https://conda.anaconda.org/conda-forge/noarch/decorator-5.2.1-pyhd8ed1ab_0.conda
      - conda: https://conda.anaconda.org/conda-forge/noarch/executing-2.2.1-pyhd8ed1ab_0.conda
      - conda: https://conda.anaconda.org/conda-forge/win-64/geos-3.14.1-hdade9fe_0.conda
      - conda: https://conda.anaconda.org/conda-forge/noarch/ipykernel-7.2.0-pyh6dadd2b_1.conda
      - conda: https://conda.anaconda.org/conda-forge/noarch/ipython-9.11.0-pyhccfa634_0.conda
      - conda: https://conda.anaconda.org/conda-forge/noarch/ipython_pygments_lexers-1.1.1-pyhd8ed1ab_0.conda
      - conda: https://conda.anaconda.org/conda-forge/noarch/jedi-0.19.2-pyhd8ed1ab_1.conda
      - conda: https://conda.anaconda.org/conda-forge/noarch/jupyter_client-8.8.0-pyhcf101f3_0.conda
      - conda: https://conda.anaconda.org/conda-forge/noarch/jupyter_core-5.9.1-pyh6dadd2b_0.conda
      - conda: https://conda.anaconda.org/conda-forge/win-64/krb5-1.22.2-h0ea6238_0.conda
      - conda: https://conda.anaconda.org/conda-forge/win-64/libblas-3.11.0-6_hf2e6a31_mkl.conda
      - conda: https://conda.anaconda.org/conda-forge/win-64/libcblas-3.11.0-6_h2a3cdd5_mkl.conda
      - conda: https://conda.anaconda.org/conda-forge/win-64/libexpat-2.7.4-hac47afa_0.conda
      - conda: https://conda.anaconda.org/conda-forge/win-64/libffi-3.5.2-h3d046cb_0.conda
      - conda: https://conda.anaconda.org/conda-forge/win-64/libhwloc-2.12.2-default_h4379cf1_1000.conda
      - conda: https://conda.anaconda.org/conda-forge/win-64/libiconv-1.18-hc1393d2_2.conda
      - conda: https://conda.anaconda.org/conda-forge/win-64/liblapack-3.11.0-6_hf9ab0e9_mkl.conda
      - conda: https://conda.anaconda.org/conda-forge/win-64/liblzma-5.8.2-hfd05255_0.conda
      - conda: https://conda.anaconda.org/conda-forge/win-64/libmpdec-4.0.0-hfd05255_1.conda
      - conda: https://conda.anaconda.org/conda-forge/win-64/libsodium-1.0.21-h6a83c73_3.conda
      - conda: https://conda.anaconda.org/conda-forge/win-64/libsqlite-3.52.0-hf5d6505_0.conda
      - conda: https://conda.anaconda.org/conda-forge/win-64/libwinpthread-12.0.0.r4.gg4f2fc60ca-h57928b3_10.conda
      - conda: https://conda.anaconda.org/conda-forge/win-64/libxml2-16-2.15.2-h692994f_0.conda
      - conda: https://conda.anaconda.org/conda-forge/win-64/libxml2-2.15.2-h5d26750_0.conda
      - conda: https://conda.anaconda.org/conda-forge/win-64/libzlib-1.3.2-hfd05255_2.conda
      - conda: https://conda.anaconda.org/conda-forge/win-64/llvm-openmp-22.1.1-h4fa8253_0.conda
      - conda: https://conda.anaconda.org/conda-forge/noarch/matplotlib-inline-0.2.1-pyhd8ed1ab_0.conda
      - conda: https://conda.anaconda.org/conda-forge/win-64/mkl-2025.3.1-hac47afa_11.conda
      - conda: https://conda.anaconda.org/conda-forge/noarch/nest-asyncio-1.6.0-pyhd8ed1ab_1.conda
      - conda: https://conda.anaconda.org/conda-forge/win-64/numpy-2.4.3-py314h02f10f6_0.conda
      - conda: https://conda.anaconda.org/conda-forge/win-64/openssl-3.6.1-hf411b9b_1.conda
      - conda: https://conda.anaconda.org/conda-forge/noarch/packaging-26.0-pyhcf101f3_0.conda
      - conda: https://conda.anaconda.org/conda-forge/noarch/parso-0.8.6-pyhcf101f3_0.conda
      - conda: https://conda.anaconda.org/conda-forge/noarch/pip-26.0.1-pyh145f28c_0.conda
      - conda: https://conda.anaconda.org/conda-forge/noarch/platformdirs-4.9.4-pyhcf101f3_0.conda
      - conda: https://conda.anaconda.org/conda-forge/noarch/prompt-toolkit-3.0.52-pyha770c72_0.conda
      - conda: https://conda.anaconda.org/conda-forge/win-64/psutil-7.2.2-py314hc5dbbe4_0.conda
      - conda: https://conda.anaconda.org/conda-forge/noarch/pure_eval-0.2.3-pyhd8ed1ab_1.conda
      - conda: https://conda.anaconda.org/conda-forge/noarch/pygments-2.19.2-pyhd8ed1ab_0.conda
      - conda: https://conda.anaconda.org/conda-forge/win-64/python-3.14.3-h4b44e0e_101_cp314.conda
      - conda: https://conda.anaconda.org/conda-forge/noarch/python-dateutil-2.9.0.post0-pyhe01879c_2.conda
      - conda: https://conda.anaconda.org/conda-forge/noarch/python-gil-3.14.3-h4df99d1_101.conda
      - conda: https://conda.anaconda.org/conda-forge/noarch/python_abi-3.14-8_cp314.conda
      - conda: https://conda.anaconda.org/conda-forge/win-64/pywin32-311-py314h8f8f202_1.conda
      - conda: https://conda.anaconda.org/conda-forge/win-64/pyzmq-27.1.0-py312h343a6d4_2.conda
      - conda: https://conda.anaconda.org/conda-forge/win-64/shapely-2.1.2-py314h76f3c27_2.conda
      - conda: https://conda.anaconda.org/conda-forge/noarch/six-1.17.0-pyhe01879c_1.conda
      - conda: https://conda.anaconda.org/conda-forge/noarch/stack_data-0.6.3-pyhd8ed1ab_1.conda
      - conda: https://conda.anaconda.org/conda-forge/win-64/tbb-2022.3.0-h3155e25_2.conda
      - conda: https://conda.anaconda.org/conda-forge/win-64/tk-8.6.13-h6ed50ae_3.conda
      - conda: https://conda.anaconda.org/conda-forge/win-64/tornado-6.5.5-py314h5a2d7ad_0.conda
      - conda: https://conda.anaconda.org/conda-forge/noarch/traitlets-5.14.3-pyhd8ed1ab_1.conda
      - conda: https://conda.anaconda.org/conda-forge/noarch/tzdata-2025c-hc9c84f9_1.conda
      - conda: https://conda.anaconda.org/conda-forge/win-64/ucrt-10.0.26100.0-h57928b3_0.conda
      - conda: https://conda.anaconda.org/conda-forge/win-64/vc-14.3-h41ae7f8_34.conda
      - conda: https://conda.anaconda.org/conda-forge/win-64/vc14_runtime-14.44.35208-h818238b_34.conda
      - conda: https://conda.anaconda.org/conda-forge/win-64/vcomp14-14.44.35208-h818238b_34.conda
      - conda: https://conda.anaconda.org/conda-forge/noarch/wcwidth-0.6.0-pyhd8ed1ab_0.conda
      - conda: https://conda.anaconda.org/conda-forge/win-64/zeromq-4.3.5-h507cc87_10.conda
      - conda: https://conda.anaconda.org/conda-forge/win-64/zstd-1.5.7-h534d264_6.conda
packages:
- conda: https://conda.anaconda.org/conda-forge/noarch/_python_abi3_support-1.0-hd8ed1ab_2.conda
  sha256: a3967b937b9abf0f2a99f3173fa4630293979bd1644709d89580e7c62a544661
  md5: aaa2a381ccc56eac91d63b6c1240312f
  depends:
  - cpython
  - python-gil
  license: MIT
  license_family: MIT
  size: 8191
  timestamp: 1744137672556
- conda: https://conda.anaconda.org/conda-forge/noarch/asttokens-3.0.1-pyhd8ed1ab_0.conda
  sha256: ee4da0f3fe9d59439798ee399ef3e482791e48784873d546e706d0935f9ff010
  md5: 9673a61a297b00016442e022d689faa6
  depends:
  - python >=3.10
  constrains:
  - astroid >=2,<5
  license: Apache-2.0
  license_family: Apache
  size: 28797
  timestamp: 1763410017955
- conda: https://conda.anaconda.org/conda-forge/win-64/bzip2-1.0.8-h0ad9c76_9.conda
  sha256: 76dfb71df5e8d1c4eded2dbb5ba15bb8fb2e2b0fe42d94145d5eed4c75c35902
  md5: 4cb8e6b48f67de0b018719cdf1136306
  depends:
  - ucrt >=10.0.20348.0
  - vc >=14.3,<15
  - vc14_runtime >=14.44.35208
  license: bzip2-1.0.6
  license_family: BSD
  size: 56115
  timestamp: 1771350256444
- conda: https://conda.anaconda.org/conda-forge/noarch/ca-certificates-2026.2.25-h4c7d964_0.conda
  sha256: 37950019c59b99585cee5d30dbc2cc9696ed4e11f5742606a4db1621ed8f94d6
  md5: f001e6e220355b7f87403a4d0e5bf1ca
  depends:
  - __win
  license: ISC
  size: 147734
  timestamp: 1772006322223
- conda: https://conda.anaconda.org/conda-forge/noarch/colorama-0.4.6-pyhd8ed1ab_1.conda
  sha256: ab29d57dc70786c1269633ba3dff20288b81664d3ff8d21af995742e2bb03287
  md5: 962b9857ee8e7018c22f2776ffa0b2d7
  depends:
  - python >=3.9
  license: BSD-3-Clause
  license_family: BSD
  size: 27011
  timestamp: 1733218222191
- conda: https://conda.anaconda.org/conda-forge/noarch/comm-0.2.3-pyhe01879c_0.conda
  sha256: 576a44729314ad9e4e5ebe055fbf48beb8116b60e58f9070278985b2b634f212
  md5: 2da13f2b299d8e1995bafbbe9689a2f7
  depends:
  - python >=3.9
  - python
  license: BSD-3-Clause
  license_family: BSD
  size: 14690
  timestamp: 1753453984907
- conda: https://conda.anaconda.org/conda-forge/noarch/cpython-3.14.3-py314hd8ed1ab_101.conda
  noarch: generic
  sha256: 91b06300879df746214f7363d6c27c2489c80732e46a369eb2afc234bcafb44c
  md5: 3bb89e4f795e5414addaa531d6b1500a
  depends:
  - python >=3.14,<3.15.0a0
  - python_abi * *_cp314
  license: Python-2.0
  size: 50078
  timestamp: 1770674447292
- conda: https://conda.anaconda.org/conda-forge/win-64/debugpy-1.8.20-py314hb98de8c_0.conda
  sha256: ece1d8299ad081edaf1e5279f2a900bdedddb2c795ac029a06401543cd7610ad
  md5: 48ae8370a4562f7049d587d017792a3a
  depends:
  - python
  - vc >=14.3,<15
  - vc14_runtime >=14.44.35208
  - ucrt >=10.0.20348.0
  - python_abi 3.14.* *_cp314
  license: MIT
  license_family: MIT
  size: 4026404
  timestamp: 1769745008861
- conda: https://conda.anaconda.org/conda-forge/noarch/decorator-5.2.1-pyhd8ed1ab_0.conda
  sha256: c17c6b9937c08ad63cb20a26f403a3234088e57d4455600974a0ce865cb14017
  md5: 9ce473d1d1be1cc3810856a48b3fab32
  depends:
  - python >=3.9
  license: BSD-2-Clause
  license_family: BSD
  size: 14129
  timestamp: 1740385067843
- conda: https://conda.anaconda.org/conda-forge/noarch/executing-2.2.1-pyhd8ed1ab_0.conda
  sha256: 210c8165a58fdbf16e626aac93cc4c14dbd551a01d1516be5ecad795d2422cad
  md5: ff9efb7f7469aed3c4a8106ffa29593c
  depends:
  - python >=3.10
  license: MIT
  license_family: MIT
  size: 30753
  timestamp: 1756729456476
- conda: https://conda.anaconda.org/conda-forge/win-64/geos-3.14.1-hdade9fe_0.conda
  sha256: 032a16d78e69a20ffae6216191a66977bc50f6c21cb75f9853b37298b95308c4
  md5: 8c75d7e401a4d799ce8d4bb922320967
  depends:
  - ucrt >=10.0.20348.0
  - vc >=14.3,<15
  - vc14_runtime >=14.44.35208
  license: LGPL-2.1-only
  size: 1772787
  timestamp: 1761593910217
- conda: https://conda.anaconda.org/conda-forge/noarch/ipykernel-7.2.0-pyh6dadd2b_1.conda
  sha256: 9cdadaeef5abadca4113f92f5589db19f8b7df5e1b81cb0225f7024a3aedefa3
  md5: b3a7d5842f857414d9ae831a799444dd
  depends:
  - __win
  - comm >=0.1.1
  - debugpy >=1.6.5
  - ipython >=7.23.1
  - jupyter_client >=8.8.0
  - jupyter_core >=5.1,!=6.0.*
  - matplotlib-inline >=0.1
  - nest-asyncio >=1.4
  - packaging >=22
  - psutil >=5.7
  - python >=3.10
  - pyzmq >=25
  - tornado >=6.4.1
  - traitlets >=5.4.0
  - python
  constrains:
  - appnope >=0.1.2
  license: BSD-3-Clause
  license_family: BSD
  size: 132382
  timestamp: 1770566174387
- conda: https://conda.anaconda.org/conda-forge/noarch/ipython-9.11.0-pyhccfa634_0.conda
  sha256: 558073f3ceba49ab67d9e698ff2b49ddf1d1d3259de46b50795be1b6d8ec9de4
  md5: a522444721669fe6bb482f8814b969f4
  depends:
  - __win
  - decorator >=5.1.0
  - ipython_pygments_lexers >=1.0.0
  - jedi >=0.18.2
  - matplotlib-inline >=0.1.6
  - prompt-toolkit >=3.0.41,<3.1.0
  - pygments >=2.14.0
  - python >=3.12
  - stack_data >=0.6.0
  - traitlets >=5.13.0
  - colorama >=0.4.4
  - python
  license: BSD-3-Clause
  license_family: BSD
  size: 647253
  timestamp: 1772790189384
- conda: https://conda.anaconda.org/conda-forge/noarch/ipython_pygments_lexers-1.1.1-pyhd8ed1ab_0.conda
  sha256: 894682a42a7d659ae12878dbcb274516a7031bbea9104e92f8e88c1f2765a104
  md5: bd80ba060603cc228d9d81c257093119
  depends:
  - pygments
  - python >=3.9
  license: BSD-3-Clause
  license_family: BSD
  size: 13993
  timestamp: 1737123723464
- conda: https://conda.anaconda.org/conda-forge/noarch/jedi-0.19.2-pyhd8ed1ab_1.conda
  sha256: 92c4d217e2dc68983f724aa983cca5464dcb929c566627b26a2511159667dba8
  md5: a4f4c5dc9b80bc50e0d3dc4e6e8f1bd9
  depends:
  - parso >=0.8.3,<0.9.0
  - python >=3.9
  license: Apache-2.0 AND MIT
  size: 843646
  timestamp: 1733300981994
- conda: https://conda.anaconda.org/conda-forge/noarch/jupyter_client-8.8.0-pyhcf101f3_0.conda
  sha256: e402bd119720862a33229624ec23645916a7d47f30e1711a4af9e005162b84f3
  md5: 8a3d6d0523f66cf004e563a50d9392b3
  depends:
  - jupyter_core >=5.1
  - python >=3.10
  - python-dateutil >=2.8.2
  - pyzmq >=25.0
  - tornado >=6.4.1
  - traitlets >=5.3
  - python
  license: BSD-3-Clause
  license_family: BSD
  size: 112785
  timestamp: 1767954655912
- conda: https://conda.anaconda.org/conda-forge/noarch/jupyter_core-5.9.1-pyh6dadd2b_0.conda
  sha256: ed709a6c25b731e01563521ef338b93986cd14b5bc17f35e9382000864872ccc
  md5: a8db462b01221e9f5135be466faeb3e0
  depends:
  - __win
  - pywin32
  - platformdirs >=2.5
  - python >=3.10
  - traitlets >=5.3
  - python
  constrains:
  - pywin32 >=300
  license: BSD-3-Clause
  license_family: BSD
  size: 64679
  timestamp: 1760643889625
- conda: https://conda.anaconda.org/conda-forge/win-64/krb5-1.22.2-h0ea6238_0.conda
  sha256: eb60f1ad8b597bcf95dee11bc11fe71a8325bc1204cf51d2bb1f2120ffd77761
  md5: 4432f52dc0c8eb6a7a6abc00a037d93c
  depends:
  - openssl >=3.5.5,<4.0a0
  - ucrt >=10.0.20348.0
  - vc >=14.3,<15
  - vc14_runtime >=14.44.35208
  license: MIT
  license_family: MIT
  size: 751055
  timestamp: 1769769688841
- conda: https://conda.anaconda.org/conda-forge/win-64/libblas-3.11.0-6_hf2e6a31_mkl.conda
  build_number: 6
  sha256: 10c8054f007adca8c780cd8bb9335fa5d990f0494b825158d3157983a25b1ea2
  md5: 95543eec964b4a4a7ca3c4c9be481aa1
  depends:
  - mkl >=2025.3.1,<2026.0a0
  constrains:
  - blas 2.306   mkl
  - liblapacke 3.11.0   6*_mkl
  - liblapack  3.11.0   6*_mkl
  - libcblas   3.11.0   6*_mkl
  license: BSD-3-Clause
  size: 68082
  timestamp: 1774503684284
- conda: https://conda.anaconda.org/conda-forge/win-64/libcblas-3.11.0-6_h2a3cdd5_mkl.conda
  build_number: 6
  sha256: 02b2a2225f4899c6aaa1dc723e06b3f7a4903d2129988f91fc1527409b07b0a5
  md5: 9e4bf521c07f4d423cba9296b7927e3c
  depends:
  - libblas 3.11.0 6_hf2e6a31_mkl
  constrains:
  - blas 2.306   mkl
  - liblapacke 3.11.0   6*_mkl
  - liblapack  3.11.0   6*_mkl
  license: BSD-3-Clause
  size: 68221
  timestamp: 1774503722413
- conda: https://conda.anaconda.org/conda-forge/win-64/libexpat-2.7.4-hac47afa_0.conda
  sha256: b31f6fb629c4e17885aaf2082fb30384156d16b48b264e454de4a06a313b533d
  md5: 1c1ced969021592407f16ada4573586d
  depends:
  - ucrt >=10.0.20348.0
  - vc >=14.3,<15
  - vc14_runtime >=14.44.35208
  constrains:
  - expat 2.7.4.*
  license: MIT
  license_family: MIT
  size: 70323
  timestamp: 1771259521393
- conda: https://conda.anaconda.org/conda-forge/win-64/libffi-3.5.2-h3d046cb_0.conda
  sha256: 59d01f2dfa8b77491b5888a5ab88ff4e1574c9359f7e229da254cdfe27ddc190
  md5: 720b39f5ec0610457b725eb3f396219a
  depends:
  - ucrt >=10.0.20348.0
  - vc >=14.3,<15
  - vc14_runtime >=14.44.35208
  license: MIT
  license_family: MIT
  size: 45831
  timestamp: 1769456418774
- conda: https://conda.anaconda.org/conda-forge/win-64/libhwloc-2.12.2-default_h4379cf1_1000.conda
  sha256: 8cdf11333a81085468d9aa536ebb155abd74adc293576f6013fc0c85a7a90da3
  md5: 3b576f6860f838f950c570f4433b086e
  depends:
  - libwinpthread >=12.0.0.r4.gg4f2fc60ca
  - libxml2
  - libxml2-16 >=2.14.6
  - ucrt >=10.0.20348.0
  - vc >=14.3,<15
  - vc14_runtime >=14.44.35208
  license: BSD-3-Clause
  license_family: BSD
  size: 2411241
  timestamp: 1765104337762
- conda: https://conda.anaconda.org/conda-forge/win-64/libiconv-1.18-hc1393d2_2.conda
  sha256: 0dcdb1a5f01863ac4e8ba006a8b0dc1a02d2221ec3319b5915a1863254d7efa7
  md5: 64571d1dd6cdcfa25d0664a5950fdaa2
  depends:
  - ucrt >=10.0.20348.0
  - vc >=14.3,<15
  - vc14_runtime >=14.44.35208
  license: LGPL-2.1-only
  size: 696926
  timestamp: 1754909290005
- conda: https://conda.anaconda.org/conda-forge/win-64/liblapack-3.11.0-6_hf9ab0e9_mkl.conda
  build_number: 6
  sha256: 2e6ac39e456ba13ec8f02fc0787b8a22c89780e24bd5556eaf642177463ffb36
  md5: 7e9cdaf6f302142bc363bbab3b5e7074
  depends:
  - libblas 3.11.0 6_hf2e6a31_mkl
  constrains:
  - blas 2.306   mkl
  - liblapacke 3.11.0   6*_mkl
  - libcblas   3.11.0   6*_mkl
  license: BSD-3-Clause
  size: 80571
  timestamp: 1774503757128
- conda: https://conda.anaconda.org/conda-forge/win-64/liblzma-5.8.2-hfd05255_0.conda
  sha256: f25bf293f550c8ed2e0c7145eb404324611cfccff37660869d97abf526eb957c
  md5: ba0bfd4c3cf73f299ffe46ff0eaeb8e3
  depends:
  - ucrt >=10.0.20348.0
  - vc >=14.3,<15
  - vc14_runtime >=14.44.35208
  constrains:
  - xz 5.8.2.*
  license: 0BSD
  size: 106169
  timestamp: 1768752763559
- conda: https://conda.anaconda.org/conda-forge/win-64/libmpdec-4.0.0-hfd05255_1.conda
  sha256: 40dcd0b9522a6e0af72a9db0ced619176e7cfdb114855c7a64f278e73f8a7514
  md5: e4a9fc2bba3b022dad998c78856afe47
  depends:
  - ucrt >=10.0.20348.0
  - vc >=14.3,<15
  - vc14_runtime >=14.44.35208
  license: BSD-2-Clause
  license_family: BSD
  size: 89411
  timestamp: 1769482314283
- conda: https://conda.anaconda.org/conda-forge/win-64/libsodium-1.0.21-h6a83c73_3.conda
  sha256: d915f4fa8ebbf237c7a6e511ed458f2cfdc7c76843a924740318a15d0dd33d6d
  md5: da2aa614d16a795b3007b6f4a1318a81
  depends:
  - vc >=14.3,<15
  - vc14_runtime >=14.44.35208
  - ucrt >=10.0.20348.0
  license: ISC
  size: 276860
  timestamp: 1772479407566
- conda: https://conda.anaconda.org/conda-forge/win-64/libsqlite-3.52.0-hf5d6505_0.conda
  sha256: 5fccf1e4e4062f8b9a554abf4f9735a98e70f82e2865d0bfdb47b9de94887583
  md5: 8830689d537fda55f990620680934bb1
  depends:
  - ucrt >=10.0.20348.0
  - vc >=14.3,<15
  - vc14_runtime >=14.44.35208
  license: blessing
  size: 1297302
  timestamp: 1772818899033
- conda: https://conda.anaconda.org/conda-forge/win-64/libwinpthread-12.0.0.r4.gg4f2fc60ca-h57928b3_10.conda
  sha256: 0fccf2d17026255b6e10ace1f191d0a2a18f2d65088fd02430be17c701f8ffe0
  md5: 8a86073cf3b343b87d03f41790d8b4e5
  depends:
  - ucrt
  constrains:
  - pthreads-win32 <0.0a0
  - msys2-conda-epoch <0.0a0
  license: MIT AND BSD-3-Clause-Clear
  size: 36621
  timestamp: 1759768399557
- conda: https://conda.anaconda.org/conda-forge/win-64/libxml2-2.15.2-h5d26750_0.conda
  sha256: f905eb7046987c336122121759e7f09144729f6898f48cd06df2a945b86998d8
  md5: 1007e1bfe181a2aee214779ee7f13d30
  depends:
  - libiconv >=1.18,<2.0a0
  - liblzma >=5.8.2,<6.0a0
  - libxml2-16 2.15.2 h692994f_0
  - libzlib >=1.3.1,<2.0a0
  - ucrt >=10.0.20348.0
  - vc >=14.3,<15
  - vc14_runtime >=14.44.35208
  constrains:
  - icu <0.0a0
  license: MIT
  license_family: MIT
  size: 43681
  timestamp: 1772704748950
- conda: https://conda.anaconda.org/conda-forge/win-64/libxml2-16-2.15.2-h692994f_0.conda
  sha256: b8c71b3b609c7cfe17f3f2a47c75394d7b30acfb8b34ad7a049ea8757b4d33df
  md5: e365238134188e42ed36ee996159d482
  depends:
  - libiconv >=1.18,<2.0a0
  - liblzma >=5.8.2,<6.0a0
  - libzlib >=1.3.1,<2.0a0
  - ucrt >=10.0.20348.0
  - vc >=14.3,<15
  - vc14_runtime >=14.44.35208
  constrains:
  - libxml2 2.15.2
  - icu <0.0a0
  license: MIT
  license_family: MIT
  size: 520078
  timestamp: 1772704728534
- conda: https://conda.anaconda.org/conda-forge/win-64/libzlib-1.3.2-hfd05255_2.conda
  sha256: 88609816e0cc7452bac637aaf65783e5edf4fee8a9f8e22bdc3a75882c536061
  md5: dbabbd6234dea34040e631f87676292f
  depends:
  - ucrt >=10.0.20348.0
  - vc >=14.3,<15
  - vc14_runtime >=14.44.35208
  constrains:
  - zlib 1.3.2 *_2
  license: Zlib
  license_family: Other
  size: 58347
  timestamp: 1774072851498
- conda: https://conda.anaconda.org/conda-forge/win-64/llvm-openmp-22.1.1-h4fa8253_0.conda
  sha256: 64c7fe6490583f3c49c36c2f413e681072102db8abea13a3e1832f44eaf55518
  md5: d9f479404fe316e575f4a4575f3df406
  depends:
  - ucrt >=10.0.20348.0
  - vc >=14.3,<15
  - vc14_runtime >=14.44.35208
  constrains:
  - openmp 22.1.1|22.1.1.*
  - intel-openmp <0.0a0
  license: Apache-2.0 WITH LLVM-exception
  license_family: APACHE
  size: 347138
  timestamp: 1774349485844
- conda: https://conda.anaconda.org/conda-forge/noarch/matplotlib-inline-0.2.1-pyhd8ed1ab_0.conda
  sha256: 9d690334de0cd1d22c51bc28420663f4277cfa60d34fa5cad1ce284a13f1d603
  md5: 00e120ce3e40bad7bfc78861ce3c4a25
  depends:
  - python >=3.10
  - traitlets
  license: BSD-3-Clause
  license_family: BSD
  size: 15175
  timestamp: 1761214578417
- conda: https://conda.anaconda.org/conda-forge/win-64/mkl-2025.3.1-hac47afa_11.conda
  sha256: f2c2b2a3c2e7d08d78c10bef7c135a4262c80d1d48c85fb5902ca30d61d645f4
  md5: 3fd3009cef89c36e9898a6feeb0f5530
  depends:
  - llvm-openmp >=22.1.1
  - tbb >=2022.3.0
  - ucrt >=10.0.20348.0
  - vc >=14.3,<15
  - vc14_runtime >=14.44.35208
  license: LicenseRef-IntelSimplifiedSoftwareOct2022
  license_family: Proprietary
  size: 99997309
  timestamp: 1774449747739
- conda: https://conda.anaconda.org/conda-forge/noarch/nest-asyncio-1.6.0-pyhd8ed1ab_1.conda
  sha256: bb7b21d7fd0445ddc0631f64e66d91a179de4ba920b8381f29b9d006a42788c0
  md5: 598fd7d4d0de2455fb74f56063969a97
  depends:
  - python >=3.9
  license: BSD-2-Clause
  license_family: BSD
  size: 11543
  timestamp: 1733325673691
- conda: https://conda.anaconda.org/conda-forge/win-64/numpy-2.4.3-py314h02f10f6_0.conda
  sha256: e4afa67a7350836a1d652f8e7351fe4cb853f8eb8b5c86c9203cefff67669083
  md5: 54355aaff5c94c602b7b9540fbc3ca1d
  depends:
  - python
  - vc >=14.3,<15
  - vc14_runtime >=14.44.35208
  - ucrt >=10.0.20348.0
  - libblas >=3.9.0,<4.0a0
  - libcblas >=3.9.0,<4.0a0
  - python_abi 3.14.* *_cp314
  - liblapack >=3.9.0,<4.0a0
  constrains:
  - numpy-base <0a0
  license: BSD-3-Clause
  license_family: BSD
  size: 7311362
  timestamp: 1773839141373
- conda: https://conda.anaconda.org/conda-forge/win-64/openssl-3.6.1-hf411b9b_1.conda
  sha256: 53a5ad2e5553b8157a91bb8aa375f78c5958f77cb80e9d2ce59471ea8e5c0bd6
  md5: eb585509b815415bc964b2c7e11c7eb3
  depends:
  - ca-certificates
  - ucrt >=10.0.20348.0
  - vc >=14.3,<15
  - vc14_runtime >=14.44.35208
  license: Apache-2.0
  license_family: Apache
  size: 9343023
  timestamp: 1769557547888
- conda: https://conda.anaconda.org/conda-forge/noarch/packaging-26.0-pyhcf101f3_0.conda
  sha256: c1fc0f953048f743385d31c468b4a678b3ad20caffdeaa94bed85ba63049fd58
  md5: b76541e68fea4d511b1ac46a28dcd2c6
  depends:
  - python >=3.8
  - python
  license: Apache-2.0
  license_family: APACHE
  size: 72010
  timestamp: 1769093650580
- conda: https://conda.anaconda.org/conda-forge/noarch/parso-0.8.6-pyhcf101f3_0.conda
  sha256: 42b2d77ccea60752f3aa929a6413a7835aaacdbbde679f2f5870a744fa836b94
  md5: 97c1ce2fffa1209e7afb432810ec6e12
  depends:
  - python >=3.10
  - python
  license: MIT
  license_family: MIT
  size: 82287
  timestamp: 1770676243987
- conda: https://conda.anaconda.org/conda-forge/noarch/pip-26.0.1-pyh145f28c_0.conda
  sha256: 5f66ea31d62188c266c5a8752119b0cc90a5bf05963f665cf48a33e0ec58d39c
  md5: 09a970fbf75e8ed1aa633827ded6aa4f
  depends:
  - python >=3.13.0a0
  license: MIT
  license_family: MIT
  size: 1180743
  timestamp: 1770270312477
- conda: https://conda.anaconda.org/conda-forge/noarch/platformdirs-4.9.4-pyhcf101f3_0.conda
  sha256: 0289f0a38337ee201d984f8f31f11f6ef076cfbbfd0ab9181d12d9d1d099bf46
  md5: 82c1787f2a65c0155ef9652466ee98d6
  depends:
  - python >=3.10
  - python
  license: MIT
  license_family: MIT
  size: 25646
  timestamp: 1773199142345
- conda: https://conda.anaconda.org/conda-forge/noarch/prompt-toolkit-3.0.52-pyha770c72_0.conda
  sha256: 4817651a276016f3838957bfdf963386438c70761e9faec7749d411635979bae
  md5: edb16f14d920fb3faf17f5ce582942d6
  depends:
  - python >=3.10
  - wcwidth
  constrains:
  - prompt_toolkit 3.0.52
  license: BSD-3-Clause
  license_family: BSD
  size: 273927
  timestamp: 1756321848365
- conda: https://conda.anaconda.org/conda-forge/win-64/psutil-7.2.2-py314hc5dbbe4_0.conda
  sha256: 17c8274ce5a32c9793f73a5a0094bd6188f3a13026a93147655143d4df034214
  md5: fd539ac231820f64066839251aa9fa48
  depends:
  - python
  - vc >=14.3,<15
  - vc14_runtime >=14.44.35208
  - ucrt >=10.0.20348.0
  - python_abi 3.14.* *_cp314
  license: BSD-3-Clause
  license_family: BSD
  size: 249950
  timestamp: 1769678167309
- conda: https://conda.anaconda.org/conda-forge/noarch/pure_eval-0.2.3-pyhd8ed1ab_1.conda
  sha256: 71bd24600d14bb171a6321d523486f6a06f855e75e547fa0cb2a0953b02047f0
  md5: 3bfdfb8dbcdc4af1ae3f9a8eb3948f04
  depends:
  - python >=3.9
  license: MIT
  license_family: MIT
  size: 16668
  timestamp: 1733569518868
- conda: https://conda.anaconda.org/conda-forge/noarch/pygments-2.19.2-pyhd8ed1ab_0.conda
  sha256: 5577623b9f6685ece2697c6eb7511b4c9ac5fb607c9babc2646c811b428fd46a
  md5: 6b6ece66ebcae2d5f326c77ef2c5a066
  depends:
  - python >=3.9
  license: BSD-2-Clause
  license_family: BSD
  size: 889287
  timestamp: 1750615908735
- conda: https://conda.anaconda.org/conda-forge/win-64/python-3.14.3-h4b44e0e_101_cp314.conda
  build_number: 101
  sha256: 3f99d83bfd95b9bdae64a42a1e4bf5131dc20b724be5ac8a9a7e1ac2c0f006d7
  md5: 7ec2be7eaf59f83f3e5617665f3fbb2e
  depends:
  - bzip2 >=1.0.8,<2.0a0
  - libexpat >=2.7.3,<3.0a0
  - libffi >=3.5.2,<3.6.0a0
  - liblzma >=5.8.2,<6.0a0
  - libmpdec >=4.0.0,<5.0a0
  - libsqlite >=3.51.2,<4.0a0
  - libzlib >=1.3.1,<2.0a0
  - openssl >=3.5.5,<4.0a0
  - python_abi 3.14.* *_cp314
  - tk >=8.6.13,<8.7.0a0
  - tzdata
  - ucrt >=10.0.20348.0
  - vc >=14.3,<15
  - vc14_runtime >=14.44.35208
  - zstd >=1.5.7,<1.6.0a0
  license: Python-2.0
  size: 18273230
  timestamp: 1770675442998
  python_site_packages_path: Lib/site-packages
- conda: https://conda.anaconda.org/conda-forge/noarch/python-dateutil-2.9.0.post0-pyhe01879c_2.conda
  sha256: d6a17ece93bbd5139e02d2bd7dbfa80bee1a4261dced63f65f679121686bf664
  md5: 5b8d21249ff20967101ffa321cab24e8
  depends:
  - python >=3.9
  - six >=1.5
  - python
  license: Apache-2.0
  license_family: APACHE
  size: 233310
  timestamp: 1751104122689
- conda: https://conda.anaconda.org/conda-forge/noarch/python-gil-3.14.3-h4df99d1_101.conda
  sha256: 233aebd94c704ac112afefbb29cf4170b7bc606e22958906f2672081bc50638a
  md5: 235765e4ea0d0301c75965985163b5a1
  depends:
  - cpython 3.14.3.*
  - python_abi * *_cp314
  license: Python-2.0
  size: 50062
  timestamp: 1770674497152
- conda: https://conda.anaconda.org/conda-forge/noarch/python_abi-3.14-8_cp314.conda
  build_number: 8
  sha256: ad6d2e9ac39751cc0529dd1566a26751a0bf2542adb0c232533d32e176e21db5
  md5: 0539938c55b6b1a59b560e843ad864a4
  constrains:
  - python 3.14.* *_cp314
  license: BSD-3-Clause
  license_family: BSD
  size: 6989
  timestamp: 1752805904792
- conda: https://conda.anaconda.org/conda-forge/win-64/pywin32-311-py314h8f8f202_1.conda
  sha256: 6918a8067f296f3c65d43e84558170c9e6c3f4dd735cfe041af41a7fdba7b171
  md5: 2d7b7ba21e8a8ced0eca553d4d53f773
  depends:
  - python
  - vc >=14.3,<15
  - vc14_runtime >=14.44.35208
  - ucrt >=10.0.20348.0
  - vc >=14.3,<15
  - vc14_runtime >=14.44.35208
  - ucrt >=10.0.20348.0
  - python_abi 3.14.* *_cp314
  license: PSF-2.0
  license_family: PSF
  size: 6713155
  timestamp: 1756487145487
- conda: https://conda.anaconda.org/conda-forge/win-64/pyzmq-27.1.0-py312h343a6d4_2.conda
  noarch: python
  sha256: d84bcc19a945ca03d1fd794be3e9896ab6afc9f691d58d9c2da514abe584d4df
  md5: eb1ec67a70b4d479f7dd76e6c8fe7575
  depends:
  - python
  - vc >=14.3,<15
  - vc14_runtime >=14.44.35208
  - ucrt >=10.0.20348.0
  - zeromq >=4.3.5,<4.3.6.0a0
  - _python_abi3_support 1.*
  - cpython >=3.12
  license: BSD-3-Clause
  license_family: BSD
  size: 183235
  timestamp: 1771716967192
- conda: https://conda.anaconda.org/conda-forge/win-64/shapely-2.1.2-py314h76f3c27_2.conda
  sha256: ffc9c4b2fae82b4dfb14fe6d4b95382d9e6d88fd01f8eb9fbf6f7d2bef65ea35
  md5: c5a64ac49215efe79837adbd7e42b605
  depends:
  - geos >=3.14.1,<3.14.2.0a0
  - numpy >=1.23,<3
  - python >=3.14,<3.15.0a0
  - python_abi 3.14.* *_cp314
  - ucrt >=10.0.20348.0
  - vc >=14.3,<15
  - vc14_runtime >=14.44.35208
  license: BSD-3-Clause
  license_family: BSD
  size: 614463
  timestamp: 1762523809485
- conda: https://conda.anaconda.org/conda-forge/noarch/six-1.17.0-pyhe01879c_1.conda
  sha256: 458227f759d5e3fcec5d9b7acce54e10c9e1f4f4b7ec978f3bfd54ce4ee9853d
  md5: 3339e3b65d58accf4ca4fb8748ab16b3
  depends:
  - python >=3.9
  - python
  license: MIT
  license_family: MIT
  size: 18455
  timestamp: 1753199211006
- conda: https://conda.anaconda.org/conda-forge/noarch/stack_data-0.6.3-pyhd8ed1ab_1.conda
  sha256: 570da295d421661af487f1595045760526964f41471021056e993e73089e9c41
  md5: b1b505328da7a6b246787df4b5a49fbc
  depends:
  - asttokens
  - executing
  - pure_eval
  - python >=3.9
  license: MIT
  license_family: MIT
  size: 26988
  timestamp: 1733569565672
- conda: https://conda.anaconda.org/conda-forge/win-64/tbb-2022.3.0-h3155e25_2.conda
  sha256: abd9a489f059fba85c8ffa1abdaa4d515d6de6a3325238b8e81203b913cf65a9
  md5: 0f9817ffbe25f9e69ceba5ea70c52606
  depends:
  - libhwloc >=2.12.2,<2.12.3.0a0
  - ucrt >=10.0.20348.0
  - vc >=14.3,<15
  - vc14_runtime >=14.44.35208
  license: Apache-2.0
  license_family: APACHE
  size: 155869
  timestamp: 1767886839029
- conda: https://conda.anaconda.org/conda-forge/win-64/tk-8.6.13-h6ed50ae_3.conda
  sha256: 0e79810fae28f3b69fe7391b0d43f5474d6bd91d451d5f2bde02f55ae481d5e3
  md5: 0481bfd9814bf525bd4b3ee4b51494c4
  depends:
  - ucrt >=10.0.20348.0
  - vc >=14.3,<15
  - vc14_runtime >=14.44.35208
  license: TCL
  license_family: BSD
  size: 3526350
  timestamp: 1769460339384
- conda: https://conda.anaconda.org/conda-forge/win-64/tornado-6.5.5-py314h5a2d7ad_0.conda
  sha256: 49d64837dd02475903479ca47b82669bd6c9f7e6afde61860c6f3f2bd57d8a03
  md5: 87b1215adf7f0ba1fb9250af9fc668e1
  depends:
  - python >=3.14,<3.15.0a0
  - python_abi 3.14.* *_cp314
  - ucrt >=10.0.20348.0
  - vc >=14.3,<15
  - vc14_runtime >=14.44.35208
  license: Apache-2.0
  license_family: Apache
  size: 914835
  timestamp: 1774358183098
- conda: https://conda.anaconda.org/conda-forge/noarch/traitlets-5.14.3-pyhd8ed1ab_1.conda
  sha256: f39a5620c6e8e9e98357507262a7869de2ae8cc07da8b7f84e517c9fd6c2b959
  md5: 019a7385be9af33791c989871317e1ed
  depends:
  - python >=3.9
  license: BSD-3-Clause
  license_family: BSD
  size: 110051
  timestamp: 1733367480074
- conda: https://conda.anaconda.org/conda-forge/noarch/tzdata-2025c-hc9c84f9_1.conda
  sha256: 1d30098909076af33a35017eed6f2953af1c769e273a0626a04722ac4acaba3c
  md5: ad659d0a2b3e47e38d829aa8cad2d610
  license: LicenseRef-Public-Domain
  size: 119135
  timestamp: 1767016325805
- conda: https://conda.anaconda.org/conda-forge/win-64/ucrt-10.0.26100.0-h57928b3_0.conda
  sha256: 3005729dce6f3d3f5ec91dfc49fc75a0095f9cd23bab49efb899657297ac91a5
  md5: 71b24316859acd00bdb8b38f5e2ce328
  constrains:
  - vc14_runtime >=14.29.30037
  - vs2015_runtime >=14.29.30037
  license: LicenseRef-MicrosoftWindowsSDK10
  size: 694692
  timestamp: 1756385147981
- conda: https://conda.anaconda.org/conda-forge/win-64/vc-14.3-h41ae7f8_34.conda
  sha256: 9dc40c2610a6e6727d635c62cced5ef30b7b30123f5ef67d6139e23d21744b3a
  md5: 1e610f2416b6acdd231c5f573d754a0f
  depends:
  - vc14_runtime >=14.44.35208
  track_features:
  - vc14
  license: BSD-3-Clause
  license_family: BSD
  size: 19356
  timestamp: 1767320221521
- conda: https://conda.anaconda.org/conda-forge/win-64/vc14_runtime-14.44.35208-h818238b_34.conda
  sha256: 02732f953292cce179de9b633e74928037fa3741eb5ef91c3f8bae4f761d32a5
  md5: 37eb311485d2d8b2c419449582046a42
  depends:
  - ucrt >=10.0.20348.0
  - vcomp14 14.44.35208 h818238b_34
  constrains:
  - vs2015_runtime 14.44.35208.* *_34
  license: LicenseRef-MicrosoftVisualCpp2015-2022Runtime
  license_family: Proprietary
  size: 683233
  timestamp: 1767320219644
- conda: https://conda.anaconda.org/conda-forge/win-64/vcomp14-14.44.35208-h818238b_34.conda
  sha256: 878d5d10318b119bd98ed3ed874bd467acbe21996e1d81597a1dbf8030ea0ce6
  md5: 242d9f25d2ae60c76b38a5e42858e51d
  depends:
  - ucrt >=10.0.20348.0
  constrains:
  - vs2015_runtime 14.44.35208.* *_34
  license: LicenseRef-MicrosoftVisualCpp2015-2022Runtime
  license_family: Proprietary
  size: 115235
  timestamp: 1767320173250
- conda: https://conda.anaconda.org/conda-forge/noarch/wcwidth-0.6.0-pyhd8ed1ab_0.conda
  sha256: e298b508b2473c4227206800dfb14c39e4b14fd79d4636132e9e1e4244cdf4aa
  md5: c3197f8c0d5b955c904616b716aca093
  depends:
  - python >=3.10
  license: MIT
  license_family: MIT
  size: 71550
  timestamp: 1770634638503
- conda: https://conda.anaconda.org/conda-forge/win-64/zeromq-4.3.5-h507cc87_10.conda
  sha256: b8568dfde46edf3455458912ea6ffb760e4456db8230a0cf34ecbc557d3c275f
  md5: 1ab0237036bfb14e923d6107473b0021
  depends:
  - vc >=14.3,<15
  - vc14_runtime >=14.44.35208
  - ucrt >=10.0.20348.0
  - libsodium >=1.0.21,<1.0.22.0a0
  - krb5 >=1.22.2,<1.23.0a0
  license: MPL-2.0
  license_family: MOZILLA
  size: 265665
  timestamp: 1772476832995
- conda: https://conda.anaconda.org/conda-forge/win-64/zstd-1.5.7-h534d264_6.conda
  sha256: 368d8628424966fd8f9c8018326a9c779e06913dd39e646cf331226acc90e5b2
  md5: 053b84beec00b71ea8ff7a4f84b55207
  depends:
  - vc >=14.3,<15
  - vc14_runtime >=14.44.35208
  - ucrt >=10.0.20348.0
  - libzlib >=1.3.1,<2.0a0
  license: BSD-3-Clause
  license_family: BSD
  size: 388453
  timestamp: 1764777142545
